// !$*UTF8*$!
{
	archiveVersion = 1;
	classes = {
	};
	objectVersion = 56;
	objects = {

/* Begin PBXBuildFile section */
		921BBCA729F6BB560080A311 /* Gifty2App.swift in Sources */ = {isa = PBXBuildFile; fileRef = 921BBCA629F6BB560080A311 /* Gifty2App.swift */; };
		921BBCA929F6BB560080A311 /* ContentView.swift in Sources */ = {isa = PBXBuildFile; fileRef = 921BBCA829F6BB560080A311 /* ContentView.swift */; };
		921BBCAB29F6BB570080A311 /* Assets.xcassets in Resources */ = {isa = PBXBuildFile; fileRef = 921BBCAA29F6BB570080A311 /* Assets.xcassets */; };
		921BBCAE29F6BB570080A311 /* Preview Assets.xcassets in Resources */ = {isa = PBXBuildFile; fileRef = 921BBCAD29F6BB570080A311 /* Preview Assets.xcassets */; };
		921BBCB829F6BB580080A311 /* Gifty2Tests.swift in Sources */ = {isa = PBXBuildFile; fileRef = 921BBCB729F6BB580080A311 /* Gifty2Tests.swift */; };
		921BBCC229F6BB580080A311 /* Gifty2UITests.swift in Sources */ = {isa = PBXBuildFile; fileRef = 921BBCC129F6BB580080A311 /* Gifty2UITests.swift */; };
		921BBCC429F6BB580080A311 /* Gifty2UITestsLaunchTests.swift in Sources */ = {isa = PBXBuildFile; fileRef = 921BBCC329F6BB580080A311 /* Gifty2UITestsLaunchTests.swift */; };
/* End PBXBuildFile section */

/* Begin PBXContainerItemProxy section */
		921BBCB429F6BB580080A311 /* PBXContainerItemProxy */ = {
			isa = PBXContainerItemProxy;
			containerPortal = 921BBC9B29F6BB560080A311 /* Project object */;
			proxyType = 1;
			remoteGlobalIDString = 921BBCA229F6BB560080A311;
			remoteInfo = Gifty2;
		};
		921BBCBE29F6BB580080A311 /* PBXContainerItemProxy */ = {
			isa = PBXContainerItemProxy;
			containerPortal = 921BBC9B29F6BB560080A311 /* Project object */;
			proxyType = 1;
			remoteGlobalIDString = 921BBCA229F6BB560080A311;
			remoteInfo = Gifty2;
		};
/* End PBXContainerItemProxy section */

/* Begin PBXFileReference section */
		921BBCA329F6BB560080A311 /* Gifty2.app */ = {isa = PBXFileReference; explicitFileType = wrapper.application; includeInIndex = 0; path = Gifty2.app; sourceTree = BUILT_PRODUCTS_DIR; };
		921BBCA629F6BB560080A311 /* Gifty2App.swift */ = {isa = PBXFileReference; lastKnownFileType = sourcecode.swift; path = Gifty2App.swift; sourceTree = "<group>"; };
		921BBCA829F6BB560080A311 /* ContentView.swift */ = {isa = PBXFileReference; lastKnownFileType = sourcecode.swift; path = ContentView.swift; sourceTree = "<group>"; };
		921BBCAA29F6BB570080A311 /* Assets.xcassets */ = {isa = PBXFileReference; lastKnownFileType = folder.assetcatalog; path = Assets.xcassets; sourceTree = "<group>"; };
		921BBCAD29F6BB570080A311 /* Preview Assets.xcassets */ = {isa = PBXFileReference; lastKnownFileType = folder.assetcatalog; path = "Preview Assets.xcassets"; sourceTree = "<group>"; };
		921BBCB329F6BB580080A311 /* Gifty2Tests.xctest */ = {isa = PBXFileReference; explicitFileType = wrapper.cfbundle; includeInIndex = 0; path = Gifty2Tests.xctest; sourceTree = BUILT_PRODUCTS_DIR; };
		921BBCB729F6BB580080A311 /* Gifty2Tests.swift */ = {isa = PBXFileReference; lastKnownFileType = sourcecode.swift; path = Gifty2Tests.swift; sourceTree = "<group>"; };
		921BBCBD29F6BB580080A311 /* Gifty2UITests.xctest */ = {isa = PBXFileReference; explicitFileType = wrapper.cfbundle; includeInIndex = 0; path = Gifty2UITests.xctest; sourceTree = BUILT_PRODUCTS_DIR; };
		921BBCC129F6BB580080A311 /* Gifty2UITests.swift */ = {isa = PBXFileReference; lastKnownFileType = sourcecode.swift; path = Gifty2UITests.swift; sourceTree = "<group>"; };
		921BBCC329F6BB580080A311 /* Gifty2UITestsLaunchTests.swift */ = {isa = PBXFileReference; lastKnownFileType = sourcecode.swift; path = Gifty2UITestsLaunchTests.swift; sourceTree = "<group>"; };
/* End PBXFileReference section */

/* Begin PBXFrameworksBuildPhase section */
		921BBCA029F6BB560080A311 /* Frameworks */ = {
			isa = PBXFrameworksBuildPhase;
			buildActionMask = 2147483647;
			files = (
			);
			runOnlyForDeploymentPostprocessing = 0;
		};
		921BBCB029F6BB580080A311 /* Frameworks */ = {
			isa = PBXFrameworksBuildPhase;
			buildActionMask = 2147483647;
			files = (
			);
			runOnlyForDeploymentPostprocessing = 0;
		};
		921BBCBA29F6BB580080A311 /* Frameworks */ = {
			isa = PBXFrameworksBuildPhase;
			buildActionMask = 2147483647;
			files = (
			);
			runOnlyForDeploymentPostprocessing = 0;
		};
/* End PBXFrameworksBuildPhase section */

/* Begin PBXGroup section */
		921BBC9A29F6BB560080A311 = {
			isa = PBXGroup;
			children = (
				921BBCA529F6BB560080A311 /* Gifty2 */,
				921BBCB629F6BB580080A311 /* Gifty2Tests */,
				921BBCC029F6BB580080A311 /* Gifty2UITests */,
				921BBCA429F6BB560080A311 /* Products */,
			);
			sourceTree = "<group>";
		};
		921BBCA429F6BB560080A311 /* Products */ = {
			isa = PBXGroup;
			children = (
				921BBCA329F6BB560080A311 /* Gifty2.app */,
				921BBCB329F6BB580080A311 /* Gifty2Tests.xctest */,
				921BBCBD29F6BB580080A311 /* Gifty2UITests.xctest */,
			);
			name = Products;
			sourceTree = "<group>";
		};
		921BBCA529F6BB560080A311 /* Gifty2 */ = {
			isa = PBXGroup;
			children = (
				921BBCA629F6BB560080A311 /* Gifty2App.swift */,
				921BBCA829F6BB560080A311 /* ContentView.swift */,
				921BBCAA29F6BB570080A311 /* Assets.xcassets */,
				921BBCAC29F6BB570080A311 /* Preview Content */,
			);
			path = Gifty2;
			sourceTree = "<group>";
		};
		921BBCAC29F6BB570080A311 /* Preview Content */ = {
			isa = PBXGroup;
			children = (
				921BBCAD29F6BB570080A311 /* Preview Assets.xcassets */,
			);
			path = "Preview Content";
			sourceTree = "<group>";
		};
		921BBCB629F6BB580080A311 /* Gifty2Tests */ = {
			isa = PBXGroup;
			children = (
				921BBCB729F6BB580080A311 /* Gifty2Tests.swift */,
			);
			path = Gifty2Tests;
			sourceTree = "<group>";
		};
		921BBCC029F6BB580080A311 /* Gifty2UITests */ = {
			isa = PBXGroup;
			children = (
				921BBCC129F6BB580080A311 /* Gifty2UITests.swift */,
				921BBCC329F6BB580080A311 /* Gifty2UITestsLaunchTests.swift */,
			);
			path = Gifty2UITests;
			sourceTree = "<group>";
		};
/* End PBXGroup section */

/* Begin PBXNativeTarget section */
		921BBCA229F6BB560080A311 /* Gifty2 */ = {
			isa = PBXNativeTarget;
			buildConfigurationList = 921BBCC729F6BB580080A311 /* Build configuration list for PBXNativeTarget "Gifty2" */;
			buildPhases = (
				921BBC9F29F6BB560080A311 /* Sources */,
				921BBCA029F6BB560080A311 /* Frameworks */,
				921BBCA129F6BB560080A311 /* Resources */,
			);
			buildRules = (
			);
			dependencies = (
			);
			name = Gifty2;
			productName = Gifty2;
			productReference = 921BBCA329F6BB560080A311 /* Gifty2.app */;
			productType = "com.apple.product-type.application";
		};
		921BBCB229F6BB580080A311 /* Gifty2Tests */ = {
			isa = PBXNativeTarget;
			buildConfigurationList = 921BBCCA29F6BB580080A311 /* Build configuration list for PBXNativeTarget "Gifty2Tests" */;
			buildPhases = (
				921BBCAF29F6BB580080A311 /* Sources */,
				921BBCB029F6BB580080A311 /* Frameworks */,
				921BBCB129F6BB580080A311 /* Resources */,
			);
			buildRules = (
			);
			dependencies = (
				921BBCB529F6BB580080A311 /* PBXTargetDependency */,
			);
			name = Gifty2Tests;
			productName = Gifty2Tests;
			productReference = 921BBCB329F6BB580080A311 /* Gifty2Tests.xctest */;
			productType = "com.apple.product-type.bundle.unit-test";
		};
		921BBCBC29F6BB580080A311 /* Gifty2UITests */ = {
			isa = PBXNativeTarget;
			buildConfigurationList = 921BBCCD29F6BB580080A311 /* Build configuration list for PBXNativeTarget "Gifty2UITests" */;
			buildPhases = (
				921BBCB929F6BB580080A311 /* Sources */,
				921BBCBA29F6BB580080A311 /* Frameworks */,
				921BBCBB29F6BB580080A311 /* Resources */,
			);
			buildRules = (
			);
			dependencies = (
				921BBCBF29F6BB580080A311 /* PBXTargetDependency */,
			);
			name = Gifty2UITests;
			productName = Gifty2UITests;
			productReference = 921BBCBD29F6BB580080A311 /* Gifty2UITests.xctest */;
			productType = "com.apple.product-type.bundle.ui-testing";
		};
/* End PBXNativeTarget section */

/* Begin PBXProject section */
		921BBC9B29F6BB560080A311 /* Project object */ = {
			isa = PBXProject;
			attributes = {
				BuildIndependentTargetsInParallel = 1;
				LastSwiftUpdateCheck = 1430;
				LastUpgradeCheck = 1430;
				TargetAttributes = {
					921BBCA229F6BB560080A311 = {
						CreatedOnToolsVersion = 14.3;
					};
					921BBCB229F6BB580080A311 = {
						CreatedOnToolsVersion = 14.3;
						TestTargetID = 921BBCA229F6BB560080A311;
					};
					921BBCBC29F6BB580080A311 = {
						CreatedOnToolsVersion = 14.3;
						TestTargetID = 921BBCA229F6BB560080A311;
					};
				};
			};
			buildConfigurationList = 921BBC9E29F6BB560080A311 /* Build configuration list for PBXProject "Gifty2" */;
			compatibilityVersion = "Xcode 14.0";
			developmentRegion = en;
			hasScannedForEncodings = 0;
			knownRegions = (
				en,
				Base,
			);
			mainGroup = 921BBC9A29F6BB560080A311;
			productRefGroup = 921BBCA429F6BB560080A311 /* Products */;
			projectDirPath = "";
			projectRoot = "";
			targets = (
				921BBCA229F6BB560080A311 /* Gifty2 */,
				921BBCB229F6BB580080A311 /* Gifty2Tests */,
				921BBCBC29F6BB580080A311 /* Gifty2UITests */,
			);
		};
/* End PBXProject section */

/* Begin PBXResourcesBuildPhase section */
		921BBCA129F6BB560080A311 /* Resources */ = {
			isa = PBXResourcesBuildPhase;
			buildActionMask = 2147483647;
			files = (
				921BBCAE29F6BB570080A311 /* Preview Assets.xcassets in Resources */,
				921BBCAB29F6BB570080A311 /* Assets.xcassets in Resources */,
			);
			runOnlyForDeploymentPostprocessing = 0;
		};
		921BBCB129F6BB580080A311 /* Resources */ = {
			isa = PBXResourcesBuildPhase;
			buildActionMask = 2147483647;
			files = (
			);
			runOnlyForDeploymentPostprocessing = 0;
		};
		921BBCBB29F6BB580080A311 /* Resources */ = {
			isa = PBXResourcesBuildPhase;
			buildActionMask = 2147483647;
			files = (
			);
			runOnlyForDeploymentPostprocessing = 0;
		};
/* End PBXResourcesBuildPhase section */

/* Begin PBXSourcesBuildPhase section */
		921BBC9F29F6BB560080A311 /* Sources */ = {
			isa = PBXSourcesBuildPhase;
			buildActionMask = 2147483647;
			files = (
				921BBCA929F6BB560080A311 /* ContentView.swift in Sources */,
				921BBCA729F6BB560080A311 /* Gifty2App.swift in Sources */,
			);
			runOnlyForDeploymentPostprocessing = 0;
		};
		921BBCAF29F6BB580080A311 /* Sources */ = {
			isa = PBXSourcesBuildPhase;
			buildActionMask = 2147483647;
			files = (
				921BBCB829F6BB580080A311 /* Gifty2Tests.swift in Sources */,
			);
			runOnlyForDeploymentPostprocessing = 0;
		};
		921BBCB929F6BB580080A311 /* Sources */ = {
			isa = PBXSourcesBuildPhase;
			buildActionMask = 2147483647;
			files = (
				921BBCC229F6BB580080A311 /* Gifty2UITests.swift in Sources */,
				921BBCC429F6BB580080A311 /* Gifty2UITestsLaunchTests.swift in Sources */,
			);
			runOnlyForDeploymentPostprocessing = 0;
		};
/* End PBXSourcesBuildPhase section */

/* Begin PBXTargetDependency section */
		921BBCB529F6BB580080A311 /* PBXTargetDependency */ = {
			isa = PBXTargetDependency;
			target = 921BBCA229F6BB560080A311 /* Gifty2 */;
			targetProxy = 921BBCB429F6BB580080A311 /* PBXContainerItemProxy */;
		};
		921BBCBF29F6BB580080A311 /* PBXTargetDependency */ = {
			isa = PBXTargetDependency;
			target = 921BBCA229F6BB560080A311 /* Gifty2 */;
			targetProxy = 921BBCBE29F6BB580080A311 /* PBXContainerItemProxy */;
		};
/* End PBXTargetDependency section */

/* Begin XCBuildConfiguration section */
		921BBCC529F6BB580080A311 /* Debug */ = {
			isa = XCBuildConfiguration;
			buildSettings = {
				ALWAYS_SEARCH_USER_PATHS = NO;
				CLANG_ANALYZER_NONNULL = YES;
				CLANG_ANALYZER_NUMBER_OBJECT_CONVERSION = YES_AGGRESSIVE;
				CLANG_CXX_LANGUAGE_STANDARD = "gnu++20";
				CLANG_ENABLE_MODULES = YES;
				CLANG_ENABLE_OBJC_ARC = YES;
				CLANG_ENABLE_OBJC_WEAK = YES;
				CLANG_WARN_BLOCK_CAPTURE_AUTORELEASING = YES;
				CLANG_WARN_BOOL_CONVERSION = YES;
				CLANG_WARN_COMMA = YES;
				CLANG_WARN_CONSTANT_CONVERSION = YES;
				CLANG_WARN_DEPRECATED_OBJC_IMPLEMENTATIONS = YES;
				CLANG_WARN_DIRECT_OBJC_ISA_USAGE = YES_ERROR;
				CLANG_WARN_DOCUMENTATION_COMMENTS = YES;
				CLANG_WARN_EMPTY_BODY = YES;
				CLANG_WARN_ENUM_CONVERSION = YES;
				CLANG_WARN_INFINITE_RECURSION = YES;
				CLANG_WARN_INT_CONVERSION = YES;
				CLANG_WARN_NON_LITERAL_NULL_CONVERSION = YES;
				CLANG_WARN_OBJC_IMPLICIT_RETAIN_SELF = YES;
				CLANG_WARN_OBJC_LITERAL_CONVERSION = YES;
				CLANG_WARN_OBJC_ROOT_CLASS = YES_ERROR;
				CLANG_WARN_QUOTED_INCLUDE_IN_FRAMEWORK_HEADER = YES;
				CLANG_WARN_RANGE_LOOP_ANALYSIS = YES;
				CLANG_WARN_STRICT_PROTOTYPES = YES;
				CLANG_WARN_SUSPICIOUS_MOVE = YES;
				CLANG_WARN_UNGUARDED_AVAILABILITY = YES_AGGRESSIVE;
				CLANG_WARN_UNREACHABLE_CODE = YES;
				CLANG_WARN__DUPLICATE_METHOD_MATCH = YES;
				COPY_PHASE_STRIP = NO;
				DEBUG_INFORMATION_FORMAT = dwarf;
				ENABLE_STRICT_OBJC_MSGSEND = YES;
				ENABLE_TESTABILITY = YES;
				GCC_C_LANGUAGE_STANDARD = gnu11;
				GCC_DYNAMIC_NO_PIC = NO;
				GCC_NO_COMMON_BLOCKS = YES;
				GCC_OPTIMIZATION_LEVEL = 0;
				GCC_PREPROCESSOR_DEFINITIONS = (
					"DEBUG=1",
					"$(inherited)",
				);
				GCC_WARN_64_TO_32_BIT_CONVERSION = YES;
				GCC_WARN_ABOUT_RETURN_TYPE = YES_ERROR;
				GCC_WARN_UNDECLARED_SELECTOR = YES;
				GCC_WARN_UNINITIALIZED_AUTOS = YES_AGGRESSIVE;
				GCC_WARN_UNUSED_FUNCTION = YES;
				GCC_WARN_UNUSED_VARIABLE = YES;
				IPHONEOS_DEPLOYMENT_TARGET = 16.4;
				MTL_ENABLE_DEBUG_INFO = INCLUDE_SOURCE;
				MTL_FAST_MATH = YES;
				ONLY_ACTIVE_ARCH = YES;
				SDKROOT = iphoneos;
				SWIFT_ACTIVE_COMPILATION_CONDITIONS = DEBUG;
				SWIFT_OPTIMIZATION_LEVEL = "-Onone";
			};
			name = Debug;
		};
		921BBCC629F6BB580080A311 /* Release */ = {
			isa = XCBuildConfiguration;
			buildSettings = {
				ALWAYS_SEARCH_USER_PATHS = NO;
				CLANG_ANALYZER_NONNULL = YES;
				CLANG_ANALYZER_NUMBER_OBJECT_CONVERSION = YES_AGGRESSIVE;
				CLANG_CXX_LANGUAGE_STANDARD = "gnu++20";
				CLANG_ENABLE_MODULES = YES;
				CLANG_ENABLE_OBJC_ARC = YES;
				CLANG_ENABLE_OBJC_WEAK = YES;
				CLANG_WARN_BLOCK_CAPTURE_AUTORELEASING = YES;
				CLANG_WARN_BOOL_CONVERSION = YES;
				CLANG_WARN_COMMA = YES;
				CLANG_WARN_CONSTANT_CONVERSION = YES;
				CLANG_WARN_DEPRECATED_OBJC_IMPLEMENTATIONS = YES;
				CLANG_WARN_DIRECT_OBJC_ISA_USAGE = YES_ERROR;
				CLANG_WARN_DOCUMENTATION_COMMENTS = YES;
				CLANG_WARN_EMPTY_BODY = YES;
				CLANG_WARN_ENUM_CONVERSION = YES;
				CLANG_WARN_INFINITE_RECURSION = YES;
				CLANG_WARN_INT_CONVERSION = YES;
				CLANG_WARN_NON_LITERAL_NULL_CONVERSION = YES;
				CLANG_WARN_OBJC_IMPLICIT_RETAIN_SELF = YES;
				CLANG_WARN_OBJC_LITERAL_CONVERSION = YES;
				CLANG_WARN_OBJC_ROOT_CLASS = YES_ERROR;
				CLANG_WARN_QUOTED_INCLUDE_IN_FRAMEWORK_HEADER = YES;
				CLANG_WARN_RANGE_LOOP_ANALYSIS = YES;
				CLANG_WARN_STRICT_PROTOTYPES = YES;
				CLANG_WARN_SUSPICIOUS_MOVE = YES;
				CLANG_WARN_UNGUARDED_AVAILABILITY = YES_AGGRESSIVE;
				CLANG_WARN_UNREACHABLE_CODE = YES;
				CLANG_WARN__DUPLICATE_METHOD_MATCH = YES;
				COPY_PHASE_STRIP = NO;
				DEBUG_INFORMATION_FORMAT = "dwarf-with-dsym";
				ENABLE_NS_ASSERTIONS = NO;
				ENABLE_STRICT_OBJC_MSGSEND = YES;
				GCC_C_LANGUAGE_STANDARD = gnu11;
				GCC_NO_COMMON_BLOCKS = YES;
				GCC_WARN_64_TO_32_BIT_CONVERSION = YES;
				GCC_WARN_ABOUT_RETURN_TYPE = YES_ERROR;
				GCC_WARN_UNDECLARED_SELECTOR = YES;
				GCC_WARN_UNINITIALIZED_AUTOS = YES_AGGRESSIVE;
				GCC_WARN_UNUSED_FUNCTION = YES;
				GCC_WARN_UNUSED_VARIABLE = YES;
				IPHONEOS_DEPLOYMENT_TARGET = 16.4;
				MTL_ENABLE_DEBUG_INFO = NO;
				MTL_FAST_MATH = YES;
				SDKROOT = iphoneos;
				SWIFT_COMPILATION_MODE = wholemodule;
				SWIFT_OPTIMIZATION_LEVEL = "-O";
				VALIDATE_PRODUCT = YES;
			};
			name = Release;
		};
		921BBCC829F6BB580080A311 /* Debug */ = {
			isa = XCBuildConfiguration;
			buildSettings = {
				ASSETCATALOG_COMPILER_APPICON_NAME = AppIcon;
				ASSETCATALOG_COMPILER_GLOBAL_ACCENT_COLOR_NAME = AccentColor;
				CODE_SIGN_STYLE = Automatic;
				CURRENT_PROJECT_VERSION = 1;
				DEVELOPMENT_ASSET_PATHS = "\"Gifty2/Preview Content\"";
				DEVELOPMENT_TEAM = BV7A9X77F6;
				ENABLE_PREVIEWS = YES;
				GENERATE_INFOPLIST_FILE = YES;
				INFOPLIST_KEY_UIApplicationSceneManifest_Generation = YES;
				INFOPLIST_KEY_UIApplicationSupportsIndirectInputEvents = YES;
				INFOPLIST_KEY_UILaunchScreen_Generation = YES;
				INFOPLIST_KEY_UISupportedInterfaceOrientations_iPad = "UIInterfaceOrientationPortrait UIInterfaceOrientationPortraitUpsideDown UIInterfaceOrientationLandscapeLeft UIInterfaceOrientationLandscapeRight";
				INFOPLIST_KEY_UISupportedInterfaceOrientations_iPhone = "UIInterfaceOrientationPortrait UIInterfaceOrientationLandscapeLeft UIInterfaceOrientationLandscapeRight";
				LD_RUNPATH_SEARCH_PATHS = (
					"$(inherited)",
					"@executable_path/Frameworks",
				);
				MARKETING_VERSION = 1.0;
				PRODUCT_BUNDLE_IDENTIFIER = com.strongbeard.Gifty2;
				PRODUCT_NAME = "$(TARGET_NAME)";
				SWIFT_EMIT_LOC_STRINGS = YES;
				SWIFT_VERSION = 5.0;
				TARGETED_DEVICE_FAMILY = "1,2";
			};
			name = Debug;
		};
		921BBCC929F6BB580080A311 /* Release */ = {
			isa = XCBuildConfiguration;
			buildSettings = {
				ASSETCATALOG_COMPILER_APPICON_NAME = AppIcon;
				ASSETCATALOG_COMPILER_GLOBAL_ACCENT_COLOR_NAME = AccentColor;
				CODE_SIGN_STYLE = Automatic;
				CURRENT_PROJECT_VERSION = 1;
				DEVELOPMENT_ASSET_PATHS = "\"Gifty2/Preview Content\"";
				DEVELOPMENT_TEAM = BV7A9X77F6;
				ENABLE_PREVIEWS = YES;
				GENERATE_INFOPLIST_FILE = YES;
				INFOPLIST_KEY_UIApplicationSceneManifest_Generation = YES;
				INFOPLIST_KEY_UIApplicationSupportsIndirectInputEvents = YES;
				INFOPLIST_KEY_UILaunchScreen_Generation = YES;
				INFOPLIST_KEY_UISupportedInterfaceOrientations_iPad = "UIInterfaceOrientationPortrait UIInterfaceOrientationPortraitUpsideDown UIInterfaceOrientationLandscapeLeft UIInterfaceOrientationLandscapeRight";
				INFOPLIST_KEY_UISupportedInterfaceOrientations_iPhone = "UIInterfaceOrientationPortrait UIInterfaceOrientationLandscapeLeft UIInterfaceOrientationLandscapeRight";
				LD_RUNPATH_SEARCH_PATHS = (
					"$(inherited)",
					"@executable_path/Frameworks",
				);
				MARKETING_VERSION = 1.0;
				PRODUCT_BUNDLE_IDENTIFIER = com.strongbeard.Gifty2;
				PRODUCT_NAME = "$(TARGET_NAME)";
				SWIFT_EMIT_LOC_STRINGS = YES;
				SWIFT_VERSION = 5.0;
				TARGETED_DEVICE_FAMILY = "1,2";
			};
			name = Release;
		};
		921BBCCB29F6BB580080A311 /* Debug */ = {
			isa = XCBuildConfiguration;
			buildSettings = {
				ALWAYS_EMBED_SWIFT_STANDARD_LIBRARIES = YES;
				BUNDLE_LOADER = "$(TEST_HOST)";
				CODE_SIGN_STYLE = Automatic;
				CURRENT_PROJECT_VERSION = 1;
				DEVELOPMENT_TEAM = BV7A9X77F6;
				GENERATE_INFOPLIST_FILE = YES;
				IPHONEOS_DEPLOYMENT_TARGET = 16.4;
				MARKETING_VERSION = 1.0;
				PRODUCT_BUNDLE_IDENTIFIER = com.strongbeard.Gifty2Tests;
				PRODUCT_NAME = "$(TARGET_NAME)";
				SWIFT_EMIT_LOC_STRINGS = NO;
				SWIFT_VERSION = 5.0;
				TARGETED_DEVICE_FAMILY = "1,2";
				TEST_HOST = "$(BUILT_PRODUCTS_DIR)/Gifty2.app/$(BUNDLE_EXECUTABLE_FOLDER_PATH)/Gifty2";
			};
			name = Debug;
		};
		921BBCCC29F6BB580080A311 /* Release */ = {
			isa = XCBuildConfiguration;
			buildSettings = {
				ALWAYS_EMBED_SWIFT_STANDARD_LIBRARIES = YES;
				BUNDLE_LOADER = "$(TEST_HOST)";
				CODE_SIGN_STYLE = Automatic;
				CURRENT_PROJECT_VERSION = 1;
				DEVELOPMENT_TEAM = BV7A9X77F6;
				GENERATE_INFOPLIST_FILE = YES;
				IPHONEOS_DEPLOYMENT_TARGET = 16.4;
				MARKETING_VERSION = 1.0;
				PRODUCT_BUNDLE_IDENTIFIER = com.strongbeard.Gifty2Tests;
				PRODUCT_NAME = "$(TARGET_NAME)";
				SWIFT_EMIT_LOC_STRINGS = NO;
				SWIFT_VERSION = 5.0;
				TARGETED_DEVICE_FAMILY = "1,2";
				TEST_HOST = "$(BUILT_PRODUCTS_DIR)/Gifty2.app/$(BUNDLE_EXECUTABLE_FOLDER_PATH)/Gifty2";
			};
			name = Release;
		};
		921BBCCE29F6BB580080A311 /* Debug */ = {
			isa = XCBuildConfiguration;
			buildSettings = {
				ALWAYS_EMBED_SWIFT_STANDARD_LIBRARIES = YES;
				CODE_SIGN_STYLE = Automatic;
				CURRENT_PROJECT_VERSION = 1;
				DEVELOPMENT_TEAM = BV7A9X77F6;
				GENERATE_INFOPLIST_FILE = YES;
				MARKETING_VERSION = 1.0;
				PRODUCT_BUNDLE_IDENTIFIER = com.strongbeard.Gifty2UITests;
				PRODUCT_NAME = "$(TARGET_NAME)";
				SWIFT_EMIT_LOC_STRINGS = NO;
				SWIFT_VERSION = 5.0;
				TARGETED_DEVICE_FAMILY = "1,2";
				TEST_TARGET_NAME = Gifty2;
			};
			name = Debug;
		};
		921BBCCF29F6BB580080A311 /* Release */ = {
			isa = XCBuildConfiguration;
			buildSettings = {
				ALWAYS_EMBED_SWIFT_STANDARD_LIBRARIES = YES;
				CODE_SIGN_STYLE = Automatic;
				CURRENT_PROJECT_VERSION = 1;
				DEVELOPMENT_TEAM = BV7A9X77F6;
				GENERATE_INFOPLIST_FILE = YES;
				MARKETING_VERSION = 1.0;
				PRODUCT_BUNDLE_IDENTIFIER = com.strongbeard.Gifty2UITests;
				PRODUCT_NAME = "$(TARGET_NAME)";
				SWIFT_EMIT_LOC_STRINGS = NO;
				SWIFT_VERSION = 5.0;
				TARGETED_DEVICE_FAMILY = "1,2";
				TEST_TARGET_NAME = Gifty2;
			};
			name = Release;
		};
/* End XCBuildConfiguration section */

/* Begin XCConfigurationList section */
		921BBC9E29F6BB560080A311 /* Build configuration list for PBXProject "Gifty2" */ = {
			isa = XCConfigurationList;
			buildConfigurations = (
				921BBCC529F6BB580080A311 /* Debug */,
				921BBCC629F6BB580080A311 /* Release */,
			);
			defaultConfigurationIsVisible = 0;
			defaultConfigurationName = Release;
		};
		921BBCC729F6BB580080A311 /* Build configuration list for PBXNativeTarget "Gifty2" */ = {
			isa = XCConfigurationList;
			buildConfigurations = (
				921BBCC829F6BB580080A311 /* Debug */,
				921BBCC929F6BB580080A311 /* Release */,
			);
			defaultConfigurationIsVisible = 0;
			defaultConfigurationName = Release;
		};
		921BBCCA29F6BB580080A311 /* Build configuration list for PBXNativeTarget "Gifty2Tests" */ = {
			isa = XCConfigurationList;
			buildConfigurations = (
				921BBCCB29F6BB580080A311 /* Debug */,
				921BBCCC29F6BB580080A311 /* Release */,
			);
			defaultConfigurationIsVisible = 0;
			defaultConfigurationName = Release;
		};
		921BBCCD29F6BB580080A311 /* Build configuration list for PBXNativeTarget "Gifty2UITests" */ = {
			isa = XCConfigurationList;
			buildConfigurations = (
				921BBCCE29F6BB580080A311 /* Debug */,
				921BBCCF29F6BB580080A311 /* Release */,
			);
			defaultConfigurationIsVisible = 0;
			defaultConfigurationName = Release;
		};
/* End XCConfigurationList section */
	};
	rootObject = 921BBC9B29F6BB560080A311 /* Project object */;
}
